// !$*UTF8*$!
{
	archiveVersion = 1;
	classes = {
	};
	objectVersion = 55;
	objects = {

/* Begin PBXBuildFile section */
		61C068EDC3D59FA38CC0C312 /* Pods_CryptoTestTask.framework in Frameworks */ = {isa = PBXBuildFile; fileRef = 94317BA962D1E4E73B2441EC /* Pods_CryptoTestTask.framework */; };
		9043587127D16ED300F4A358 /* DetailedModel.swift in Sources */ = {isa = PBXBuildFile; fileRef = 9043587027D16ED300F4A358 /* DetailedModel.swift */; };
		9043587A27D17D3900F4A358 /* DetailsPresenter.swift in Sources */ = {isa = PBXBuildFile; fileRef = 9043587927D17D3900F4A358 /* DetailsPresenter.swift */; };
		9043587C27D17DC400F4A358 /* DetailsViewController.swift in Sources */ = {isa = PBXBuildFile; fileRef = 9043587B27D17DC400F4A358 /* DetailsViewController.swift */; };
		9043587E27D17DCA00F4A358 /* DetailsView.storyboard in Resources */ = {isa = PBXBuildFile; fileRef = 9043587D27D17DCA00F4A358 /* DetailsView.storyboard */; };
		9043588027D17E1900F4A358 /* DetailsInteractor.swift in Sources */ = {isa = PBXBuildFile; fileRef = 9043587F27D17E1900F4A358 /* DetailsInteractor.swift */; };
		9043588227D17E5000F4A358 /* DetailsRouter.swift in Sources */ = {isa = PBXBuildFile; fileRef = 9043588127D17E5000F4A358 /* DetailsRouter.swift */; };
		9043588427D17F3500F4A358 /* DetailsAssembly.swift in Sources */ = {isa = PBXBuildFile; fileRef = 9043588327D17F3500F4A358 /* DetailsAssembly.swift */; };
		9043588C27D1B24200F4A358 /* CryptoTestTaskTests.swift in Sources */ = {isa = PBXBuildFile; fileRef = 9043588B27D1B24200F4A358 /* CryptoTestTaskTests.swift */; };
		9043589427D1B25B00F4A358 /* CryptoServiceTest.swift in Sources */ = {isa = PBXBuildFile; fileRef = 9043589327D1B25B00F4A358 /* CryptoServiceTest.swift */; };
		9043589627D1B39800F4A358 /* StorageServiceTest.swift in Sources */ = {isa = PBXBuildFile; fileRef = 9043589527D1B39800F4A358 /* StorageServiceTest.swift */; };
		9065AC7427D165AD005E6943 /* AppDelegate.swift in Sources */ = {isa = PBXBuildFile; fileRef = 9065AC7327D165AD005E6943 /* AppDelegate.swift */; };
		9065AC7827D165AD005E6943 /* RootViewController.swift in Sources */ = {isa = PBXBuildFile; fileRef = 9065AC7727D165AD005E6943 /* RootViewController.swift */; };
		9065AC7D27D165AD005E6943 /* Assets.xcassets in Resources */ = {isa = PBXBuildFile; fileRef = 9065AC7C27D165AD005E6943 /* Assets.xcassets */; };
		9065AC8027D165AD005E6943 /* LaunchScreen.storyboard in Resources */ = {isa = PBXBuildFile; fileRef = 9065AC7E27D165AD005E6943 /* LaunchScreen.storyboard */; };
		9065AC8C27D16719005E6943 /* StorageEnum.swift in Sources */ = {isa = PBXBuildFile; fileRef = 9065AC8B27D16719005E6943 /* StorageEnum.swift */; };
		9065AC9127D1675C005E6943 /* CryptoService.swift in Sources */ = {isa = PBXBuildFile; fileRef = 9065AC9027D1675C005E6943 /* CryptoService.swift */; };
		9065AC9327D167DA005E6943 /* StorageService.swift in Sources */ = {isa = PBXBuildFile; fileRef = 9065AC9227D167DA005E6943 /* StorageService.swift */; };
		9065AC9D27D1686F005E6943 /* CryptoAssembly.swift in Sources */ = {isa = PBXBuildFile; fileRef = 9065AC9C27D1686F005E6943 /* CryptoAssembly.swift */; };
		9065AC9F27D16886005E6943 /* CryptoRouter.swift in Sources */ = {isa = PBXBuildFile; fileRef = 9065AC9E27D16886005E6943 /* CryptoRouter.swift */; };
		9065ACA127D168C0005E6943 /* CryptoEntity.swift in Sources */ = {isa = PBXBuildFile; fileRef = 9065ACA027D168C0005E6943 /* CryptoEntity.swift */; };
		9065ACA327D168CF005E6943 /* CryptoPresenter.swift in Sources */ = {isa = PBXBuildFile; fileRef = 9065ACA227D168CF005E6943 /* CryptoPresenter.swift */; };
		9065ACA527D1690B005E6943 /* CryptoInteractor.swift in Sources */ = {isa = PBXBuildFile; fileRef = 9065ACA427D1690B005E6943 /* CryptoInteractor.swift */; };
		9065ACA727D16953005E6943 /* CryptoViewController.swift in Sources */ = {isa = PBXBuildFile; fileRef = 9065ACA627D16953005E6943 /* CryptoViewController.swift */; };
		9065ACA927D1696E005E6943 /* CryptoView.storyboard in Resources */ = {isa = PBXBuildFile; fileRef = 9065ACA827D1696E005E6943 /* CryptoView.storyboard */; };
		9065ACAD27D1699B005E6943 /* CoinCell.swift in Sources */ = {isa = PBXBuildFile; fileRef = 9065ACAB27D1699B005E6943 /* CoinCell.swift */; };
		9065ACAE27D1699B005E6943 /* CoinCell.xib in Resources */ = {isa = PBXBuildFile; fileRef = 9065ACAC27D1699B005E6943 /* CoinCell.xib */; };
/* End PBXBuildFile section */

/* Begin PBXContainerItemProxy section */
		9043588D27D1B24200F4A358 /* PBXContainerItemProxy */ = {
			isa = PBXContainerItemProxy;
			containerPortal = 9065AC6827D165AD005E6943 /* Project object */;
			proxyType = 1;
			remoteGlobalIDString = 9065AC6F27D165AD005E6943;
			remoteInfo = CryptoTestTask;
		};
/* End PBXContainerItemProxy section */

/* Begin PBXFileReference section */
		9043587027D16ED300F4A358 /* DetailedModel.swift */ = {isa = PBXFileReference; lastKnownFileType = sourcecode.swift; path = DetailedModel.swift; sourceTree = "<group>"; };
		9043587927D17D3900F4A358 /* DetailsPresenter.swift */ = {isa = PBXFileReference; lastKnownFileType = sourcecode.swift; path = DetailsPresenter.swift; sourceTree = "<group>"; };
		9043587B27D17DC400F4A358 /* DetailsViewController.swift */ = {isa = PBXFileReference; lastKnownFileType = sourcecode.swift; path = DetailsViewController.swift; sourceTree = "<group>"; };
		9043587D27D17DCA00F4A358 /* DetailsView.storyboard */ = {isa = PBXFileReference; lastKnownFileType = file.storyboard; path = DetailsView.storyboard; sourceTree = "<group>"; };
		9043587F27D17E1900F4A358 /* DetailsInteractor.swift */ = {isa = PBXFileReference; lastKnownFileType = sourcecode.swift; path = DetailsInteractor.swift; sourceTree = "<group>"; };
		9043588127D17E5000F4A358 /* DetailsRouter.swift */ = {isa = PBXFileReference; lastKnownFileType = sourcecode.swift; path = DetailsRouter.swift; sourceTree = "<group>"; };
		9043588327D17F3500F4A358 /* DetailsAssembly.swift */ = {isa = PBXFileReference; lastKnownFileType = sourcecode.swift; path = DetailsAssembly.swift; sourceTree = "<group>"; };
		9043588927D1B24200F4A358 /* CryptoTestTaskTests.xctest */ = {isa = PBXFileReference; explicitFileType = wrapper.cfbundle; includeInIndex = 0; path = CryptoTestTaskTests.xctest; sourceTree = BUILT_PRODUCTS_DIR; };
		9043588B27D1B24200F4A358 /* CryptoTestTaskTests.swift */ = {isa = PBXFileReference; lastKnownFileType = sourcecode.swift; path = CryptoTestTaskTests.swift; sourceTree = "<group>"; };
		9043589327D1B25B00F4A358 /* CryptoServiceTest.swift */ = {isa = PBXFileReference; lastKnownFileType = sourcecode.swift; path = CryptoServiceTest.swift; sourceTree = "<group>"; };
		9043589527D1B39800F4A358 /* StorageServiceTest.swift */ = {isa = PBXFileReference; lastKnownFileType = sourcecode.swift; path = StorageServiceTest.swift; sourceTree = "<group>"; };
		9065AC7027D165AD005E6943 /* CryptoTestTask.app */ = {isa = PBXFileReference; explicitFileType = wrapper.application; includeInIndex = 0; path = CryptoTestTask.app; sourceTree = BUILT_PRODUCTS_DIR; };
		9065AC7327D165AD005E6943 /* AppDelegate.swift */ = {isa = PBXFileReference; lastKnownFileType = sourcecode.swift; path = AppDelegate.swift; sourceTree = "<group>"; };
		9065AC7727D165AD005E6943 /* RootViewController.swift */ = {isa = PBXFileReference; lastKnownFileType = sourcecode.swift; path = RootViewController.swift; sourceTree = "<group>"; };
		9065AC7C27D165AD005E6943 /* Assets.xcassets */ = {isa = PBXFileReference; lastKnownFileType = folder.assetcatalog; path = Assets.xcassets; sourceTree = "<group>"; };
		9065AC7F27D165AD005E6943 /* Base */ = {isa = PBXFileReference; lastKnownFileType = file.storyboard; name = Base; path = Base.lproj/LaunchScreen.storyboard; sourceTree = "<group>"; };
		9065AC8127D165AD005E6943 /* Info.plist */ = {isa = PBXFileReference; lastKnownFileType = text.plist.xml; path = Info.plist; sourceTree = "<group>"; };
		9065AC8B27D16719005E6943 /* StorageEnum.swift */ = {isa = PBXFileReference; lastKnownFileType = sourcecode.swift; path = StorageEnum.swift; sourceTree = "<group>"; };
		9065AC9027D1675C005E6943 /* CryptoService.swift */ = {isa = PBXFileReference; lastKnownFileType = sourcecode.swift; path = CryptoService.swift; sourceTree = "<group>"; };
		9065AC9227D167DA005E6943 /* StorageService.swift */ = {isa = PBXFileReference; lastKnownFileType = sourcecode.swift; path = StorageService.swift; sourceTree = "<group>"; };
		9065AC9C27D1686F005E6943 /* CryptoAssembly.swift */ = {isa = PBXFileReference; lastKnownFileType = sourcecode.swift; path = CryptoAssembly.swift; sourceTree = "<group>"; };
		9065AC9E27D16886005E6943 /* CryptoRouter.swift */ = {isa = PBXFileReference; lastKnownFileType = sourcecode.swift; path = CryptoRouter.swift; sourceTree = "<group>"; };
		9065ACA027D168C0005E6943 /* CryptoEntity.swift */ = {isa = PBXFileReference; lastKnownFileType = sourcecode.swift; path = CryptoEntity.swift; sourceTree = "<group>"; };
		9065ACA227D168CF005E6943 /* CryptoPresenter.swift */ = {isa = PBXFileReference; lastKnownFileType = sourcecode.swift; path = CryptoPresenter.swift; sourceTree = "<group>"; };
		9065ACA427D1690B005E6943 /* CryptoInteractor.swift */ = {isa = PBXFileReference; lastKnownFileType = sourcecode.swift; path = CryptoInteractor.swift; sourceTree = "<group>"; };
		9065ACA627D16953005E6943 /* CryptoViewController.swift */ = {isa = PBXFileReference; lastKnownFileType = sourcecode.swift; path = CryptoViewController.swift; sourceTree = "<group>"; };
		9065ACA827D1696E005E6943 /* CryptoView.storyboard */ = {isa = PBXFileReference; lastKnownFileType = file.storyboard; path = CryptoView.storyboard; sourceTree = "<group>"; };
		9065ACAB27D1699B005E6943 /* CoinCell.swift */ = {isa = PBXFileReference; lastKnownFileType = sourcecode.swift; path = CoinCell.swift; sourceTree = "<group>"; };
		9065ACAC27D1699B005E6943 /* CoinCell.xib */ = {isa = PBXFileReference; lastKnownFileType = file.xib; path = CoinCell.xib; sourceTree = "<group>"; };
		94317BA962D1E4E73B2441EC /* Pods_CryptoTestTask.framework */ = {isa = PBXFileReference; explicitFileType = wrapper.framework; includeInIndex = 0; path = Pods_CryptoTestTask.framework; sourceTree = BUILT_PRODUCTS_DIR; };
		9A3674D359F40F460BF1756E /* Pods-CryptoTestTask.debug.xcconfig */ = {isa = PBXFileReference; includeInIndex = 1; lastKnownFileType = text.xcconfig; name = "Pods-CryptoTestTask.debug.xcconfig"; path = "Target Support Files/Pods-CryptoTestTask/Pods-CryptoTestTask.debug.xcconfig"; sourceTree = "<group>"; };
		FBBD45D00D56B657AD400426 /* Pods-CryptoTestTask.release.xcconfig */ = {isa = PBXFileReference; includeInIndex = 1; lastKnownFileType = text.xcconfig; name = "Pods-CryptoTestTask.release.xcconfig"; path = "Target Support Files/Pods-CryptoTestTask/Pods-CryptoTestTask.release.xcconfig"; sourceTree = "<group>"; };
/* End PBXFileReference section */

/* Begin PBXFrameworksBuildPhase section */
		9043588627D1B24200F4A358 /* Frameworks */ = {
			isa = PBXFrameworksBuildPhase;
			buildActionMask = 2147483647;
			files = (
			);
			runOnlyForDeploymentPostprocessing = 0;
		};
		9065AC6D27D165AD005E6943 /* Frameworks */ = {
			isa = PBXFrameworksBuildPhase;
			buildActionMask = 2147483647;
			files = (
				61C068EDC3D59FA38CC0C312 /* Pods_CryptoTestTask.framework in Frameworks */,
			);
			runOnlyForDeploymentPostprocessing = 0;
		};
/* End PBXFrameworksBuildPhase section */

/* Begin PBXGroup section */
		45677D27BEE888D3D9465E17 /* Pods */ = {
			isa = PBXGroup;
			children = (
				9A3674D359F40F460BF1756E /* Pods-CryptoTestTask.debug.xcconfig */,
				FBBD45D00D56B657AD400426 /* Pods-CryptoTestTask.release.xcconfig */,
			);
			path = Pods;
			sourceTree = "<group>";
		};
		4B964A31C7BC5A62B9B360DF /* Frameworks */ = {
			isa = PBXGroup;
			children = (
				94317BA962D1E4E73B2441EC /* Pods_CryptoTestTask.framework */,
			);
			name = Frameworks;
			sourceTree = "<group>";
		};
		9043587227D1726D00F4A358 /* DetailsModule */ = {
			isa = PBXGroup;
			children = (
				9043587827D172B600F4A358 /* Assembly */,
				9043587727D172B300F4A358 /* View */,
				9043587627D172AE00F4A358 /* Interactor */,
				9043587527D172A900F4A358 /* Presenter */,
				9043587427D172A200F4A358 /* Entity */,
				9043587327D1729E00F4A358 /* Router */,
			);
			path = DetailsModule;
			sourceTree = "<group>";
		};
		9043587327D1729E00F4A358 /* Router */ = {
			isa = PBXGroup;
			children = (
				9043588127D17E5000F4A358 /* DetailsRouter.swift */,
			);
			path = Router;
			sourceTree = "<group>";
		};
		9043587427D172A200F4A358 /* Entity */ = {
			isa = PBXGroup;
			children = (
				9043587027D16ED300F4A358 /* DetailedModel.swift */,
			);
			path = Entity;
			sourceTree = "<group>";
		};
		9043587527D172A900F4A358 /* Presenter */ = {
			isa = PBXGroup;
			children = (
				9043587927D17D3900F4A358 /* DetailsPresenter.swift */,
			);
			path = Presenter;
			sourceTree = "<group>";
		};
		9043587627D172AE00F4A358 /* Interactor */ = {
			isa = PBXGroup;
			children = (
				9043587F27D17E1900F4A358 /* DetailsInteractor.swift */,
			);
			path = Interactor;
			sourceTree = "<group>";
		};
		9043587727D172B300F4A358 /* View */ = {
			isa = PBXGroup;
			children = (
				9043587B27D17DC400F4A358 /* DetailsViewController.swift */,
				9043587D27D17DCA00F4A358 /* DetailsView.storyboard */,
			);
			path = View;
			sourceTree = "<group>";
		};
		9043587827D172B600F4A358 /* Assembly */ = {
			isa = PBXGroup;
			children = (
				9043588327D17F3500F4A358 /* DetailsAssembly.swift */,
			);
			path = Assembly;
			sourceTree = "<group>";
		};
		9043588A27D1B24200F4A358 /* CryptoTestTaskTests */ = {
			isa = PBXGroup;
			children = (
				9043589227D1B24F00F4A358 /* Services */,
				9043588B27D1B24200F4A358 /* CryptoTestTaskTests.swift */,
			);
			path = CryptoTestTaskTests;
			sourceTree = "<group>";
		};
		9043589227D1B24F00F4A358 /* Services */ = {
			isa = PBXGroup;
			children = (
				9043589327D1B25B00F4A358 /* CryptoServiceTest.swift */,
				9043589527D1B39800F4A358 /* StorageServiceTest.swift */,
			);
			path = Services;
			sourceTree = "<group>";
		};
		9065AC6727D165AD005E6943 = {
			isa = PBXGroup;
			children = (
				9065AC7227D165AD005E6943 /* CryptoTestTask */,
				9043588A27D1B24200F4A358 /* CryptoTestTaskTests */,
				9065AC7127D165AD005E6943 /* Products */,
				45677D27BEE888D3D9465E17 /* Pods */,
				4B964A31C7BC5A62B9B360DF /* Frameworks */,
			);
			sourceTree = "<group>";
		};
		9065AC7127D165AD005E6943 /* Products */ = {
			isa = PBXGroup;
			children = (
				9065AC7027D165AD005E6943 /* CryptoTestTask.app */,
				9043588927D1B24200F4A358 /* CryptoTestTaskTests.xctest */,
			);
			name = Products;
			sourceTree = "<group>";
		};
		9065AC7227D165AD005E6943 /* CryptoTestTask */ = {
			isa = PBXGroup;
			children = (
				9065AC8D27D16735005E6943 /* PresentationLayer */,
				9065AC8827D16700005E6943 /* BusinessLayer */,
				9065AC8727D1660E005E6943 /* ApplicationLayer */,
				9065AC7727D165AD005E6943 /* RootViewController.swift */,
				9065AC7C27D165AD005E6943 /* Assets.xcassets */,
				9065AC7E27D165AD005E6943 /* LaunchScreen.storyboard */,
				9065AC8127D165AD005E6943 /* Info.plist */,
			);
			path = CryptoTestTask;
			sourceTree = "<group>";
		};
		9065AC8727D1660E005E6943 /* ApplicationLayer */ = {
			isa = PBXGroup;
			children = (
				9065AC7327D165AD005E6943 /* AppDelegate.swift */,
			);
			path = ApplicationLayer;
			sourceTree = "<group>";
		};
		9065AC8827D16700005E6943 /* BusinessLayer */ = {
			isa = PBXGroup;
			children = (
				9065AC8927D16709005E6943 /* Models */,
			);
			path = BusinessLayer;
			sourceTree = "<group>";
		};
		9065AC8927D16709005E6943 /* Models */ = {
			isa = PBXGroup;
			children = (
				9065AC8A27D16710005E6943 /* Enums */,
			);
			path = Models;
			sourceTree = "<group>";
		};
		9065AC8A27D16710005E6943 /* Enums */ = {
			isa = PBXGroup;
			children = (
				9065AC8B27D16719005E6943 /* StorageEnum.swift */,
			);
			path = Enums;
			sourceTree = "<group>";
		};
		9065AC8D27D16735005E6943 /* PresentationLayer */ = {
			isa = PBXGroup;
			children = (
				9065AC9427D16819005E6943 /* Modules */,
				9065AC8E27D16749005E6943 /* Services */,
			);
			path = PresentationLayer;
			sourceTree = "<group>";
		};
		9065AC8E27D16749005E6943 /* Services */ = {
			isa = PBXGroup;
			children = (
				9065AC9027D1675C005E6943 /* CryptoService.swift */,
				9065AC9227D167DA005E6943 /* StorageService.swift */,
			);
			path = Services;
			sourceTree = "<group>";
		};
		9065AC9427D16819005E6943 /* Modules */ = {
			isa = PBXGroup;
			children = (
				9043587227D1726D00F4A358 /* DetailsModule */,
				9065AC9527D1682E005E6943 /* CryptoModule */,
			);
			path = Modules;
			sourceTree = "<group>";
		};
		9065AC9527D1682E005E6943 /* CryptoModule */ = {
			isa = PBXGroup;
			children = (
				9065AC9B27D16859005E6943 /* Assembly */,
				9065AC9A27D16851005E6943 /* View */,
				9065AC9927D16848005E6943 /* Interactor */,
				9065AC9827D1683C005E6943 /* Presenter */,
				9065AC9727D16836005E6943 /* Entity */,
				9065AC9627D16832005E6943 /* Router */,
			);
			path = CryptoModule;
			sourceTree = "<group>";
		};
		9065AC9627D16832005E6943 /* Router */ = {
			isa = PBXGroup;
			children = (
				9065AC9E27D16886005E6943 /* CryptoRouter.swift */,
			);
			path = Router;
			sourceTree = "<group>";
		};
		9065AC9727D16836005E6943 /* Entity */ = {
			isa = PBXGroup;
			children = (
				9065ACA027D168C0005E6943 /* CryptoEntity.swift */,
			);
			path = Entity;
			sourceTree = "<group>";
		};
		9065AC9827D1683C005E6943 /* Presenter */ = {
			isa = PBXGroup;
			children = (
				9065ACA227D168CF005E6943 /* CryptoPresenter.swift */,
			);
			path = Presenter;
			sourceTree = "<group>";
		};
		9065AC9927D16848005E6943 /* Interactor */ = {
			isa = PBXGroup;
			children = (
				9065ACA427D1690B005E6943 /* CryptoInteractor.swift */,
			);
			path = Interactor;
			sourceTree = "<group>";
		};
		9065AC9A27D16851005E6943 /* View */ = {
			isa = PBXGroup;
			children = (
				9065ACAA27D16982005E6943 /* Xibs */,
				9065ACA627D16953005E6943 /* CryptoViewController.swift */,
				9065ACA827D1696E005E6943 /* CryptoView.storyboard */,
			);
			path = View;
			sourceTree = "<group>";
		};
		9065AC9B27D16859005E6943 /* Assembly */ = {
			isa = PBXGroup;
			children = (
				9065AC9C27D1686F005E6943 /* CryptoAssembly.swift */,
			);
			path = Assembly;
			sourceTree = "<group>";
		};
		9065ACAA27D16982005E6943 /* Xibs */ = {
			isa = PBXGroup;
			children = (
				9065ACAB27D1699B005E6943 /* CoinCell.swift */,
				9065ACAC27D1699B005E6943 /* CoinCell.xib */,
			);
			path = Xibs;
			sourceTree = "<group>";
		};
/* End PBXGroup section */

/* Begin PBXNativeTarget section */
		9043588827D1B24200F4A358 /* CryptoTestTaskTests */ = {
			isa = PBXNativeTarget;
			buildConfigurationList = 9043589127D1B24200F4A358 /* Build configuration list for PBXNativeTarget "CryptoTestTaskTests" */;
			buildPhases = (
				9043588527D1B24200F4A358 /* Sources */,
				9043588627D1B24200F4A358 /* Frameworks */,
				9043588727D1B24200F4A358 /* Resources */,
			);
			buildRules = (
			);
			dependencies = (
				9043588E27D1B24200F4A358 /* PBXTargetDependency */,
			);
			name = CryptoTestTaskTests;
			productName = CryptoTestTaskTests;
			productReference = 9043588927D1B24200F4A358 /* CryptoTestTaskTests.xctest */;
			productType = "com.apple.product-type.bundle.unit-test";
		};
		9065AC6F27D165AD005E6943 /* CryptoTestTask */ = {
			isa = PBXNativeTarget;
			buildConfigurationList = 9065AC8427D165AD005E6943 /* Build configuration list for PBXNativeTarget "CryptoTestTask" */;
			buildPhases = (
				59A222AE9365976D5C217126 /* [CP] Check Pods Manifest.lock */,
				9065AC6C27D165AD005E6943 /* Sources */,
				9065AC6D27D165AD005E6943 /* Frameworks */,
				9065AC6E27D165AD005E6943 /* Resources */,
				AF7D511180E119573A045073 /* [CP] Embed Pods Frameworks */,
			);
			buildRules = (
			);
			dependencies = (
			);
			name = CryptoTestTask;
			productName = CryptoTestTask;
			productReference = 9065AC7027D165AD005E6943 /* CryptoTestTask.app */;
			productType = "com.apple.product-type.application";
		};
/* End PBXNativeTarget section */

/* Begin PBXProject section */
		9065AC6827D165AD005E6943 /* Project object */ = {
			isa = PBXProject;
			attributes = {
				BuildIndependentTargetsInParallel = 1;
				LastSwiftUpdateCheck = 1320;
				LastUpgradeCheck = 1320;
				TargetAttributes = {
					9043588827D1B24200F4A358 = {
						CreatedOnToolsVersion = 13.2.1;
						TestTargetID = 9065AC6F27D165AD005E6943;
					};
					9065AC6F27D165AD005E6943 = {
						CreatedOnToolsVersion = 13.2.1;
					};
				};
			};
			buildConfigurationList = 9065AC6B27D165AD005E6943 /* Build configuration list for PBXProject "CryptoTestTask" */;
			compatibilityVersion = "Xcode 13.0";
			developmentRegion = en;
			hasScannedForEncodings = 0;
			knownRegions = (
				en,
				Base,
			);
			mainGroup = 9065AC6727D165AD005E6943;
			productRefGroup = 9065AC7127D165AD005E6943 /* Products */;
			projectDirPath = "";
			projectRoot = "";
			targets = (
				9065AC6F27D165AD005E6943 /* CryptoTestTask */,
				9043588827D1B24200F4A358 /* CryptoTestTaskTests */,
			);
		};
/* End PBXProject section */

/* Begin PBXResourcesBuildPhase section */
		9043588727D1B24200F4A358 /* Resources */ = {
			isa = PBXResourcesBuildPhase;
			buildActionMask = 2147483647;
			files = (
			);
			runOnlyForDeploymentPostprocessing = 0;
		};
		9065AC6E27D165AD005E6943 /* Resources */ = {
			isa = PBXResourcesBuildPhase;
			buildActionMask = 2147483647;
			files = (
				9065AC8027D165AD005E6943 /* LaunchScreen.storyboard in Resources */,
				9065AC7D27D165AD005E6943 /* Assets.xcassets in Resources */,
				9043587E27D17DCA00F4A358 /* DetailsView.storyboard in Resources */,
				9065ACAE27D1699B005E6943 /* CoinCell.xib in Resources */,
				9065ACA927D1696E005E6943 /* CryptoView.storyboard in Resources */,
			);
			runOnlyForDeploymentPostprocessing = 0;
		};
/* End PBXResourcesBuildPhase section */

/* Begin PBXShellScriptBuildPhase section */
		59A222AE9365976D5C217126 /* [CP] Check Pods Manifest.lock */ = {
			isa = PBXShellScriptBuildPhase;
			buildActionMask = 2147483647;
			files = (
			);
			inputFileListPaths = (
			);
			inputPaths = (
				"${PODS_PODFILE_DIR_PATH}/Podfile.lock",
				"${PODS_ROOT}/Manifest.lock",
			);
			name = "[CP] Check Pods Manifest.lock";
			outputFileListPaths = (
			);
			outputPaths = (
				"$(DERIVED_FILE_DIR)/Pods-CryptoTestTask-checkManifestLockResult.txt",
			);
			runOnlyForDeploymentPostprocessing = 0;
			shellPath = /bin/sh;
			shellScript = "diff \"${PODS_PODFILE_DIR_PATH}/Podfile.lock\" \"${PODS_ROOT}/Manifest.lock\" > /dev/null\nif [ $? != 0 ] ; then\n    # print error to STDERR\n    echo \"error: The sandbox is not in sync with the Podfile.lock. Run 'pod install' or update your CocoaPods installation.\" >&2\n    exit 1\nfi\n# This output is used by Xcode 'outputs' to avoid re-running this script phase.\necho \"SUCCESS\" > \"${SCRIPT_OUTPUT_FILE_0}\"\n";
			showEnvVarsInLog = 0;
		};
		AF7D511180E119573A045073 /* [CP] Embed Pods Frameworks */ = {
			isa = PBXShellScriptBuildPhase;
			buildActionMask = 2147483647;
			files = (
			);
			inputFileListPaths = (
				"${PODS_ROOT}/Target Support Files/Pods-CryptoTestTask/Pods-CryptoTestTask-frameworks-${CONFIGURATION}-input-files.xcfilelist",
			);
			name = "[CP] Embed Pods Frameworks";
			outputFileListPaths = (
				"${PODS_ROOT}/Target Support Files/Pods-CryptoTestTask/Pods-CryptoTestTask-frameworks-${CONFIGURATION}-output-files.xcfilelist",
			);
			runOnlyForDeploymentPostprocessing = 0;
			shellPath = /bin/sh;
			shellScript = "\"${PODS_ROOT}/Target Support Files/Pods-CryptoTestTask/Pods-CryptoTestTask-frameworks.sh\"\n";
			showEnvVarsInLog = 0;
		};
/* End PBXShellScriptBuildPhase section */

/* Begin PBXSourcesBuildPhase section */
		9043588527D1B24200F4A358 /* Sources */ = {
			isa = PBXSourcesBuildPhase;
			buildActionMask = 2147483647;
			files = (
				9043589427D1B25B00F4A358 /* CryptoServiceTest.swift in Sources */,
				9043589627D1B39800F4A358 /* StorageServiceTest.swift in Sources */,
				9043588C27D1B24200F4A358 /* CryptoTestTaskTests.swift in Sources */,
			);
			runOnlyForDeploymentPostprocessing = 0;
		};
		9065AC6C27D165AD005E6943 /* Sources */ = {
			isa = PBXSourcesBuildPhase;
			buildActionMask = 2147483647;
			files = (
				9065ACA727D16953005E6943 /* CryptoViewController.swift in Sources */,
				9065AC9D27D1686F005E6943 /* CryptoAssembly.swift in Sources */,
				9043587A27D17D3900F4A358 /* DetailsPresenter.swift in Sources */,
				9065AC9327D167DA005E6943 /* StorageService.swift in Sources */,
				9043588027D17E1900F4A358 /* DetailsInteractor.swift in Sources */,
				9065AC9127D1675C005E6943 /* CryptoService.swift in Sources */,
				9043588227D17E5000F4A358 /* DetailsRouter.swift in Sources */,
				9043588427D17F3500F4A358 /* DetailsAssembly.swift in Sources */,
				9065ACA327D168CF005E6943 /* CryptoPresenter.swift in Sources */,
				9065ACA127D168C0005E6943 /* CryptoEntity.swift in Sources */,
				9065AC7827D165AD005E6943 /* RootViewController.swift in Sources */,
				9043587127D16ED300F4A358 /* DetailedModel.swift in Sources */,
				9065AC7427D165AD005E6943 /* AppDelegate.swift in Sources */,
				9043587C27D17DC400F4A358 /* DetailsViewController.swift in Sources */,
				9065ACA527D1690B005E6943 /* CryptoInteractor.swift in Sources */,
				9065AC9F27D16886005E6943 /* CryptoRouter.swift in Sources */,
				9065ACAD27D1699B005E6943 /* CoinCell.swift in Sources */,
				9065AC8C27D16719005E6943 /* StorageEnum.swift in Sources */,
			);
			runOnlyForDeploymentPostprocessing = 0;
		};
/* End PBXSourcesBuildPhase section */

/* Begin PBXTargetDependency section */
		9043588E27D1B24200F4A358 /* PBXTargetDependency */ = {
			isa = PBXTargetDependency;
			target = 9065AC6F27D165AD005E6943 /* CryptoTestTask */;
			targetProxy = 9043588D27D1B24200F4A358 /* PBXContainerItemProxy */;
		};
/* End PBXTargetDependency section */

/* Begin PBXVariantGroup section */
		9065AC7E27D165AD005E6943 /* LaunchScreen.storyboard */ = {
			isa = PBXVariantGroup;
			children = (
				9065AC7F27D165AD005E6943 /* Base */,
			);
			name = LaunchScreen.storyboard;
			sourceTree = "<group>";
		};
/* End PBXVariantGroup section */

/* Begin XCBuildConfiguration section */
		9043588F27D1B24200F4A358 /* Debug */ = {
			isa = XCBuildConfiguration;
			buildSettings = {
				BUNDLE_LOADER = "$(TEST_HOST)";
				CODE_SIGN_STYLE = Automatic;
				CURRENT_PROJECT_VERSION = 1;
				DEVELOPMENT_TEAM = U5C6Y689FA;
				GENERATE_INFOPLIST_FILE = YES;
				MARKETING_VERSION = 1.0;
				PRODUCT_BUNDLE_IDENTIFIER = grafonsky.CryptoTestTaskTests;
				PRODUCT_NAME = "$(TARGET_NAME)";
				SWIFT_EMIT_LOC_STRINGS = NO;
				SWIFT_VERSION = 5.0;
				TARGETED_DEVICE_FAMILY = "1,2";
				TEST_HOST = "$(BUILT_PRODUCTS_DIR)/CryptoTestTask.app/CryptoTestTask";
			};
			name = Debug;
		};
		9043589027D1B24200F4A358 /* Release */ = {
			isa = XCBuildConfiguration;
			buildSettings = {
				BUNDLE_LOADER = "$(TEST_HOST)";
				CODE_SIGN_STYLE = Automatic;
				CURRENT_PROJECT_VERSION = 1;
				DEVELOPMENT_TEAM = U5C6Y689FA;
				GENERATE_INFOPLIST_FILE = YES;
				MARKETING_VERSION = 1.0;
				PRODUCT_BUNDLE_IDENTIFIER = grafonsky.CryptoTestTaskTests;
				PRODUCT_NAME = "$(TARGET_NAME)";
				SWIFT_EMIT_LOC_STRINGS = NO;
				SWIFT_VERSION = 5.0;
				TARGETED_DEVICE_FAMILY = "1,2";
				TEST_HOST = "$(BUILT_PRODUCTS_DIR)/CryptoTestTask.app/CryptoTestTask";
			};
			name = Release;
		};
		9065AC8227D165AD005E6943 /* Debug */ = {
			isa = XCBuildConfiguration;
			buildSettings = {
				ALWAYS_SEARCH_USER_PATHS = NO;
				CLANG_ANALYZER_NONNULL = YES;
				CLANG_ANALYZER_NUMBER_OBJECT_CONVERSION = YES_AGGRESSIVE;
				CLANG_CXX_LANGUAGE_STANDARD = "gnu++17";
				CLANG_CXX_LIBRARY = "libc++";
				CLANG_ENABLE_MODULES = YES;
				CLANG_ENABLE_OBJC_ARC = YES;
				CLANG_ENABLE_OBJC_WEAK = YES;
				CLANG_WARN_BLOCK_CAPTURE_AUTORELEASING = YES;
				CLANG_WARN_BOOL_CONVERSION = YES;
				CLANG_WARN_COMMA = YES;
				CLANG_WARN_CONSTANT_CONVERSION = YES;
				CLANG_WARN_DEPRECATED_OBJC_IMPLEMENTATIONS = YES;
				CLANG_WARN_DIRECT_OBJC_ISA_USAGE = YES_ERROR;
				CLANG_WARN_DOCUMENTATION_COMMENTS = YES;
				CLANG_WARN_EMPTY_BODY = YES;
				CLANG_WARN_ENUM_CONVERSION = YES;
				CLANG_WARN_INFINITE_RECURSION = YES;
				CLANG_WARN_INT_CONVERSION = YES;
				CLANG_WARN_NON_LITERAL_NULL_CONVERSION = YES;
				CLANG_WARN_OBJC_IMPLICIT_RETAIN_SELF = YES;
				CLANG_WARN_OBJC_LITERAL_CONVERSION = YES;
				CLANG_WARN_OBJC_ROOT_CLASS = YES_ERROR;
				CLANG_WARN_QUOTED_INCLUDE_IN_FRAMEWORK_HEADER = YES;
				CLANG_WARN_RANGE_LOOP_ANALYSIS = YES;
				CLANG_WARN_STRICT_PROTOTYPES = YES;
				CLANG_WARN_SUSPICIOUS_MOVE = YES;
				CLANG_WARN_UNGUARDED_AVAILABILITY = YES_AGGRESSIVE;
				CLANG_WARN_UNREACHABLE_CODE = YES;
				CLANG_WARN__DUPLICATE_METHOD_MATCH = YES;
				COPY_PHASE_STRIP = NO;
				DEBUG_INFORMATION_FORMAT = dwarf;
				ENABLE_STRICT_OBJC_MSGSEND = YES;
				ENABLE_TESTABILITY = YES;
				GCC_C_LANGUAGE_STANDARD = gnu11;
				GCC_DYNAMIC_NO_PIC = NO;
				GCC_NO_COMMON_BLOCKS = YES;
				GCC_OPTIMIZATION_LEVEL = 0;
				GCC_PREPROCESSOR_DEFINITIONS = (
					"DEBUG=1",
					"$(inherited)",
				);
				GCC_WARN_64_TO_32_BIT_CONVERSION = YES;
				GCC_WARN_ABOUT_RETURN_TYPE = YES_ERROR;
				GCC_WARN_UNDECLARED_SELECTOR = YES;
				GCC_WARN_UNINITIALIZED_AUTOS = YES_AGGRESSIVE;
				GCC_WARN_UNUSED_FUNCTION = YES;
				GCC_WARN_UNUSED_VARIABLE = YES;
				IPHONEOS_DEPLOYMENT_TARGET = 15.2;
				MTL_ENABLE_DEBUG_INFO = INCLUDE_SOURCE;
				MTL_FAST_MATH = YES;
				ONLY_ACTIVE_ARCH = YES;
				SDKROOT = iphoneos;
				SWIFT_ACTIVE_COMPILATION_CONDITIONS = DEBUG;
				SWIFT_OPTIMIZATION_LEVEL = "-Onone";
			};
			name = Debug;
		};
		9065AC8327D165AD005E6943 /* Release */ = {
			isa = XCBuildConfiguration;
			buildSettings = {
				ALWAYS_SEARCH_USER_PATHS = NO;
				CLANG_ANALYZER_NONNULL = YES;
				CLANG_ANALYZER_NUMBER_OBJECT_CONVERSION = YES_AGGRESSIVE;
				CLANG_CXX_LANGUAGE_STANDARD = "gnu++17";
				CLANG_CXX_LIBRARY = "libc++";
				CLANG_ENABLE_MODULES = YES;
				CLANG_ENABLE_OBJC_ARC = YES;
				CLANG_ENABLE_OBJC_WEAK = YES;
				CLANG_WARN_BLOCK_CAPTURE_AUTORELEASING = YES;
				CLANG_WARN_BOOL_CONVERSION = YES;
				CLANG_WARN_COMMA = YES;
				CLANG_WARN_CONSTANT_CONVERSION = YES;
				CLANG_WARN_DEPRECATED_OBJC_IMPLEMENTATIONS = YES;
				CLANG_WARN_DIRECT_OBJC_ISA_USAGE = YES_ERROR;
				CLANG_WARN_DOCUMENTATION_COMMENTS = YES;
				CLANG_WARN_EMPTY_BODY = YES;
				CLANG_WARN_ENUM_CONVERSION = YES;
				CLANG_WARN_INFINITE_RECURSION = YES;
				CLANG_WARN_INT_CONVERSION = YES;
				CLANG_WARN_NON_LITERAL_NULL_CONVERSION = YES;
				CLANG_WARN_OBJC_IMPLICIT_RETAIN_SELF = YES;
				CLANG_WARN_OBJC_LITERAL_CONVERSION = YES;
				CLANG_WARN_OBJC_ROOT_CLASS = YES_ERROR;
				CLANG_WARN_QUOTED_INCLUDE_IN_FRAMEWORK_HEADER = YES;
				CLANG_WARN_RANGE_LOOP_ANALYSIS = YES;
				CLANG_WARN_STRICT_PROTOTYPES = YES;
				CLANG_WARN_SUSPICIOUS_MOVE = YES;
				CLANG_WARN_UNGUARDED_AVAILABILITY = YES_AGGRESSIVE;
				CLANG_WARN_UNREACHABLE_CODE = YES;
				CLANG_WARN__DUPLICATE_METHOD_MATCH = YES;
				COPY_PHASE_STRIP = NO;
				DEBUG_INFORMATION_FORMAT = "dwarf-with-dsym";
				ENABLE_NS_ASSERTIONS = NO;
				ENABLE_STRICT_OBJC_MSGSEND = YES;
				GCC_C_LANGUAGE_STANDARD = gnu11;
				GCC_NO_COMMON_BLOCKS = YES;
				GCC_WARN_64_TO_32_BIT_CONVERSION = YES;
				GCC_WARN_ABOUT_RETURN_TYPE = YES_ERROR;
				GCC_WARN_UNDECLARED_SELECTOR = YES;
				GCC_WARN_UNINITIALIZED_AUTOS = YES_AGGRESSIVE;
				GCC_WARN_UNUSED_FUNCTION = YES;
				GCC_WARN_UNUSED_VARIABLE = YES;
				IPHONEOS_DEPLOYMENT_TARGET = 15.2;
				MTL_ENABLE_DEBUG_INFO = NO;
				MTL_FAST_MATH = YES;
				SDKROOT = iphoneos;
				SWIFT_COMPILATION_MODE = wholemodule;
				SWIFT_OPTIMIZATION_LEVEL = "-O";
				VALIDATE_PRODUCT = YES;
			};
			name = Release;
		};
		9065AC8527D165AD005E6943 /* Debug */ = {
			isa = XCBuildConfiguration;
			baseConfigurationReference = 9A3674D359F40F460BF1756E /* Pods-CryptoTestTask.debug.xcconfig */;
			buildSettings = {
				ASSETCATALOG_COMPILER_APPICON_NAME = AppIcon;
				ASSETCATALOG_COMPILER_GLOBAL_ACCENT_COLOR_NAME = AccentColor;
				CODE_SIGN_STYLE = Automatic;
				CURRENT_PROJECT_VERSION = 1;
				DEVELOPMENT_TEAM = U5C6Y689FA;
				GENERATE_INFOPLIST_FILE = YES;
				INFOPLIST_FILE = CryptoTestTask/Info.plist;
				INFOPLIST_KEY_UIApplicationSupportsIndirectInputEvents = YES;
				INFOPLIST_KEY_UILaunchStoryboardName = LaunchScreen;
				INFOPLIST_KEY_UISupportedInterfaceOrientations = UIInterfaceOrientationPortrait;
				INFOPLIST_KEY_UISupportedInterfaceOrientations_iPad = "UIInterfaceOrientationPortrait UIInterfaceOrientationPortraitUpsideDown UIInterfaceOrientationLandscapeLeft UIInterfaceOrientationLandscapeRight";
				INFOPLIST_KEY_UISupportedInterfaceOrientations_iPhone = "UIInterfaceOrientationPortrait UIInterfaceOrientationLandscapeLeft UIInterfaceOrientationLandscapeRight";
				IPHONEOS_DEPLOYMENT_TARGET = 13.0;
				LD_RUNPATH_SEARCH_PATHS = (
					"$(inherited)",
					"@executable_path/Frameworks",
				);
				MARKETING_VERSION = 1.0;
				PRODUCT_BUNDLE_IDENTIFIER = grafonsky.CryptoTestTask;
				PRODUCT_NAME = "$(TARGET_NAME)";
				SWIFT_EMIT_LOC_STRINGS = YES;
				SWIFT_VERSION = 5.0;
				TARGETED_DEVICE_FAMILY = 1;
			};
			name = Debug;
		};
		9065AC8627D165AD005E6943 /* Release */ = {
			isa = XCBuildConfiguration;
			baseConfigurationReference = FBBD45D00D56B657AD400426 /* Pods-CryptoTestTask.release.xcconfig */;
			buildSettings = {
				ASSETCATALOG_COMPILER_APPICON_NAME = AppIcon;
				ASSETCATALOG_COMPILER_GLOBAL_ACCENT_COLOR_NAME = AccentColor;
				CODE_SIGN_STYLE = Automatic;
				CURRENT_PROJECT_VERSION = 1;
				DEVELOPMENT_TEAM = U5C6Y689FA;
				GENERATE_INFOPLIST_FILE = YES;
				INFOPLIST_FILE = CryptoTestTask/Info.plist;
				INFOPLIST_KEY_UIApplicationSupportsIndirectInputEvents = YES;
				INFOPLIST_KEY_UILaunchStoryboardName = LaunchScreen;
				INFOPLIST_KEY_UISupportedInterfaceOrientations = UIInterfaceOrientationPortrait;
				INFOPLIST_KEY_UISupportedInterfaceOrientations_iPad = "UIInterfaceOrientationPortrait UIInterfaceOrientationPortraitUpsideDown UIInterfaceOrientationLandscapeLeft UIInterfaceOrientationLandscapeRight";
				INFOPLIST_KEY_UISupportedInterfaceOrientations_iPhone = "UIInterfaceOrientationPortrait UIInterfaceOrientationLandscapeLeft UIInterfaceOrientationLandscapeRight";
				IPHONEOS_DEPLOYMENT_TARGET = 13.0;
				LD_RUNPATH_SEARCH_PATHS = (
					"$(inherited)",
					"@executable_path/Frameworks",
				);
				MARKETING_VERSION = 1.0;
				PRODUCT_BUNDLE_IDENTIFIER = grafonsky.CryptoTestTask;
				PRODUCT_NAME = "$(TARGET_NAME)";
				SWIFT_EMIT_LOC_STRINGS = YES;
				SWIFT_VERSION = 5.0;
				TARGETED_DEVICE_FAMILY = 1;
			};
			name = Release;
		};
/* End XCBuildConfiguration section */

/* Begin XCConfigurationList section */
		9043589127D1B24200F4A358 /* Build configuration list for PBXNativeTarget "CryptoTestTaskTests" */ = {
			isa = XCConfigurationList;
			buildConfigurations = (
				9043588F27D1B24200F4A358 /* Debug */,
				9043589027D1B24200F4A358 /* Release */,
			);
			defaultConfigurationIsVisible = 0;
			defaultConfigurationName = Release;
		};
		9065AC6B27D165AD005E6943 /* Build configuration list for PBXProject "CryptoTestTask" */ = {
			isa = XCConfigurationList;
			buildConfigurations = (
				9065AC8227D165AD005E6943 /* Debug */,
				9065AC8327D165AD005E6943 /* Release */,
			);
			defaultConfigurationIsVisible = 0;
			defaultConfigurationName = Release;
		};
		9065AC8427D165AD005E6943 /* Build configuration list for PBXNativeTarget "CryptoTestTask" */ = {
			isa = XCConfigurationList;
			buildConfigurations = (
				9065AC8527D165AD005E6943 /* Debug */,
				9065AC8627D165AD005E6943 /* Release */,
			);
			defaultConfigurationIsVisible = 0;
			defaultConfigurationName = Release;
		};
/* End XCConfigurationList section */
	};
	rootObject = 9065AC6827D165AD005E6943 /* Project object */;
}
